Microsoft Visual Studio Solution File, Format Version 12.00
# Visual Studio Version 17
VisualStudioVersion = 17.5.2.0
MinimumVisualStudioVersion = 10.0.40219.1
Project("{2150E333-8FDC-42A3-9474-1A3956D46DE8}") = "src", "src", "{827E0CD3-B72D-47B6-A68D-7590B98EB39B}"
EndProject
Project("{FAE04EC0-301F-11D3-BF4B-00C04F79EFBC}") = "AzurePortalTools", "src\AzurePortalTools\AzurePortalTools.csproj", "{E5775990-5C84-3E61-6F16-62DC8FD5E980}"
EndProject
Global
	GlobalSection(SolutionConfigurationPlatforms) = preSolution
		Debug|Any CPU = Debug|Any CPU
		Release|Any CPU = Release|Any CPU
	EndGlobalSection
	GlobalSection(ProjectConfigurationPlatforms) = postSolution
		{E5775990-5C84-3E61-6F16-62DC8FD5E980}.Debug|Any CPU.ActiveCfg = Debug|Any CPU
		{E5775990-5C84-3E61-6F16-62DC8FD5E980}.Debug|Any CPU.Build.0 = Debug|Any CPU
		{E5775990-5C84-3E61-6F16-62DC8FD5E980}.Release|Any CPU.ActiveCfg = Release|Any CPU
		{E5775990-5C84-3E61-6F16-62DC8FD5E980}.Release|Any CPU.Build.0 = Release|Any CPU
	EndGlobalSection
	GlobalSection(SolutionProperties) = preSolution
		HideSolutionNode = FALSE
	EndGlobalSection
	GlobalSection(NestedProjects) = preSolution
		{E5775990-5C84-3E61-6F16-62DC8FD5E980} = {827E0CD3-B72D-47B6-A68D-7590B98EB39B}
	EndGlobalSection
	GlobalSection(ExtensibilityGlobals) = postSolution
		SolutionGuid = {CC8D88BF-244A-4B1E-AF7C-03FE23E5473F}
	EndGlobalSection
EndGlobal
